// !$*UTF8*$!
{
	archiveVersion = 1;
	classes = {
	};
	objectVersion = 56;
	objects = {

/* Begin PBXBuildFile section */
		07CC114F2A0C69E30098A955 /* AppDelegate.swift in Sources */ = {isa = PBXBuildFile; fileRef = 07CC114E2A0C69E30098A955 /* AppDelegate.swift */; };
		07CC11512A0C69E30098A955 /* SceneDelegate.swift in Sources */ = {isa = PBXBuildFile; fileRef = 07CC11502A0C69E30098A955 /* SceneDelegate.swift */; };
		07CC11532A0C69E30098A955 /* ViewController.swift in Sources */ = {isa = PBXBuildFile; fileRef = 07CC11522A0C69E30098A955 /* ViewController.swift */; };
		07CC11562A0C69E30098A955 /* Main.storyboard in Resources */ = {isa = PBXBuildFile; fileRef = 07CC11542A0C69E30098A955 /* Main.storyboard */; };
		07CC11582A0C69E60098A955 /* Assets.xcassets in Resources */ = {isa = PBXBuildFile; fileRef = 07CC11572A0C69E60098A955 /* Assets.xcassets */; };
		07CC115B2A0C69E60098A955 /* LaunchScreen.storyboard in Resources */ = {isa = PBXBuildFile; fileRef = 07CC11592A0C69E60098A955 /* LaunchScreen.storyboard */; };
		07CC11662A0C69E60098A955 /* TrabalhoFinalTests.swift in Sources */ = {isa = PBXBuildFile; fileRef = 07CC11652A0C69E60098A955 /* TrabalhoFinalTests.swift */; };
		07CC11702A0C69E60098A955 /* TrabalhoFinalUITests.swift in Sources */ = {isa = PBXBuildFile; fileRef = 07CC116F2A0C69E60098A955 /* TrabalhoFinalUITests.swift */; };
		07CC11722A0C69E60098A955 /* TrabalhoFinalUITestsLaunchTests.swift in Sources */ = {isa = PBXBuildFile; fileRef = 07CC11712A0C69E60098A955 /* TrabalhoFinalUITestsLaunchTests.swift */; };
		07CC11812A0C6AC30098A955 /* logo.png in Resources */ = {isa = PBXBuildFile; fileRef = 07CC11802A0C6AC20098A955 /* logo.png */; };
		07CC11832A0C6D2E0098A955 /* TableViewController.swift in Sources */ = {isa = PBXBuildFile; fileRef = 07CC11822A0C6D2E0098A955 /* TableViewController.swift */; };
		07CC11872A0C7BB90098A955 /* NavigationViewController.swift in Sources */ = {isa = PBXBuildFile; fileRef = 07CC11862A0C7BB90098A955 /* NavigationViewController.swift */; };
/* End PBXBuildFile section */

/* Begin PBXContainerItemProxy section */
		07CC11622A0C69E60098A955 /* PBXContainerItemProxy */ = {
			isa = PBXContainerItemProxy;
			containerPortal = 07CC11432A0C69E30098A955 /* Project object */;
			proxyType = 1;
			remoteGlobalIDString = 07CC114A2A0C69E30098A955;
			remoteInfo = TrabalhoFinal;
		};
		07CC116C2A0C69E60098A955 /* PBXContainerItemProxy */ = {
			isa = PBXContainerItemProxy;
			containerPortal = 07CC11432A0C69E30098A955 /* Project object */;
			proxyType = 1;
			remoteGlobalIDString = 07CC114A2A0C69E30098A955;
			remoteInfo = TrabalhoFinal;
		};
/* End PBXContainerItemProxy section */

/* Begin PBXFileReference section */
		07CC114B2A0C69E30098A955 /* TrabalhoFinal.app */ = {isa = PBXFileReference; explicitFileType = wrapper.application; includeInIndex = 0; path = TrabalhoFinal.app; sourceTree = BUILT_PRODUCTS_DIR; };
		07CC114E2A0C69E30098A955 /* AppDelegate.swift */ = {isa = PBXFileReference; lastKnownFileType = sourcecode.swift; path = AppDelegate.swift; sourceTree = "<group>"; };
		07CC11502A0C69E30098A955 /* SceneDelegate.swift */ = {isa = PBXFileReference; lastKnownFileType = sourcecode.swift; path = SceneDelegate.swift; sourceTree = "<group>"; };
		07CC11522A0C69E30098A955 /* ViewController.swift */ = {isa = PBXFileReference; lastKnownFileType = sourcecode.swift; path = ViewController.swift; sourceTree = "<group>"; };
		07CC11552A0C69E30098A955 /* Base */ = {isa = PBXFileReference; lastKnownFileType = file.storyboard; name = Base; path = Base.lproj/Main.storyboard; sourceTree = "<group>"; };
		07CC11572A0C69E60098A955 /* Assets.xcassets */ = {isa = PBXFileReference; lastKnownFileType = folder.assetcatalog; path = Assets.xcassets; sourceTree = "<group>"; };
		07CC115A2A0C69E60098A955 /* Base */ = {isa = PBXFileReference; lastKnownFileType = file.storyboard; name = Base; path = Base.lproj/LaunchScreen.storyboard; sourceTree = "<group>"; };
		07CC115C2A0C69E60098A955 /* Info.plist */ = {isa = PBXFileReference; lastKnownFileType = text.plist.xml; path = Info.plist; sourceTree = "<group>"; };
		07CC11612A0C69E60098A955 /* TrabalhoFinalTests.xctest */ = {isa = PBXFileReference; explicitFileType = wrapper.cfbundle; includeInIndex = 0; path = TrabalhoFinalTests.xctest; sourceTree = BUILT_PRODUCTS_DIR; };
		07CC11652A0C69E60098A955 /* TrabalhoFinalTests.swift */ = {isa = PBXFileReference; lastKnownFileType = sourcecode.swift; path = TrabalhoFinalTests.swift; sourceTree = "<group>"; };
		07CC116B2A0C69E60098A955 /* TrabalhoFinalUITests.xctest */ = {isa = PBXFileReference; explicitFileType = wrapper.cfbundle; includeInIndex = 0; path = TrabalhoFinalUITests.xctest; sourceTree = BUILT_PRODUCTS_DIR; };
		07CC116F2A0C69E60098A955 /* TrabalhoFinalUITests.swift */ = {isa = PBXFileReference; lastKnownFileType = sourcecode.swift; path = TrabalhoFinalUITests.swift; sourceTree = "<group>"; };
		07CC11712A0C69E60098A955 /* TrabalhoFinalUITestsLaunchTests.swift */ = {isa = PBXFileReference; lastKnownFileType = sourcecode.swift; path = TrabalhoFinalUITestsLaunchTests.swift; sourceTree = "<group>"; };
		07CC11802A0C6AC20098A955 /* logo.png */ = {isa = PBXFileReference; lastKnownFileType = image.png; path = logo.png; sourceTree = "<group>"; };
		07CC11822A0C6D2E0098A955 /* TableViewController.swift */ = {isa = PBXFileReference; lastKnownFileType = sourcecode.swift; path = TableViewController.swift; sourceTree = "<group>"; };
		07CC11862A0C7BB90098A955 /* NavigationViewController.swift */ = {isa = PBXFileReference; lastKnownFileType = sourcecode.swift; path = NavigationViewController.swift; sourceTree = "<group>"; };
/* End PBXFileReference section */

/* Begin PBXFrameworksBuildPhase section */
		07CC11482A0C69E30098A955 /* Frameworks */ = {
			isa = PBXFrameworksBuildPhase;
			buildActionMask = 2147483647;
			files = (
			);
			runOnlyForDeploymentPostprocessing = 0;
		};
		07CC115E2A0C69E60098A955 /* Frameworks */ = {
			isa = PBXFrameworksBuildPhase;
			buildActionMask = 2147483647;
			files = (
			);
			runOnlyForDeploymentPostprocessing = 0;
		};
		07CC11682A0C69E60098A955 /* Frameworks */ = {
			isa = PBXFrameworksBuildPhase;
			buildActionMask = 2147483647;
			files = (
			);
			runOnlyForDeploymentPostprocessing = 0;
		};
/* End PBXFrameworksBuildPhase section */

/* Begin PBXGroup section */
		07CC11422A0C69E30098A955 = {
			isa = PBXGroup;
			children = (
				07CC114D2A0C69E30098A955 /* TrabalhoFinal */,
				07CC11642A0C69E60098A955 /* TrabalhoFinalTests */,
				07CC116E2A0C69E60098A955 /* TrabalhoFinalUITests */,
				07CC114C2A0C69E30098A955 /* Products */,
			);
			sourceTree = "<group>";
		};
		07CC114C2A0C69E30098A955 /* Products */ = {
			isa = PBXGroup;
			children = (
				07CC114B2A0C69E30098A955 /* TrabalhoFinal.app */,
				07CC11612A0C69E60098A955 /* TrabalhoFinalTests.xctest */,
				07CC116B2A0C69E60098A955 /* TrabalhoFinalUITests.xctest */,
			);
			name = Products;
			sourceTree = "<group>";
		};
		07CC114D2A0C69E30098A955 /* TrabalhoFinal */ = {
			isa = PBXGroup;
			children = (
				07CC11802A0C6AC20098A955 /* logo.png */,
				07CC114E2A0C69E30098A955 /* AppDelegate.swift */,
				07CC11502A0C69E30098A955 /* SceneDelegate.swift */,
				07CC11522A0C69E30098A955 /* ViewController.swift */,
				07CC11542A0C69E30098A955 /* Main.storyboard */,
				07CC11822A0C6D2E0098A955 /* TableViewController.swift */,
				07CC11572A0C69E60098A955 /* Assets.xcassets */,
				07CC11592A0C69E60098A955 /* LaunchScreen.storyboard */,
				07CC115C2A0C69E60098A955 /* Info.plist */,
				07CC11862A0C7BB90098A955 /* NavigationViewController.swift */,
			);
			path = TrabalhoFinal;
			sourceTree = "<group>";
		};
		07CC11642A0C69E60098A955 /* TrabalhoFinalTests */ = {
			isa = PBXGroup;
			children = (
				07CC11652A0C69E60098A955 /* TrabalhoFinalTests.swift */,
			);
			path = TrabalhoFinalTests;
			sourceTree = "<group>";
		};
		07CC116E2A0C69E60098A955 /* TrabalhoFinalUITests */ = {
			isa = PBXGroup;
			children = (
				07CC116F2A0C69E60098A955 /* TrabalhoFinalUITests.swift */,
				07CC11712A0C69E60098A955 /* TrabalhoFinalUITestsLaunchTests.swift */,
			);
			path = TrabalhoFinalUITests;
			sourceTree = "<group>";
		};
/* End PBXGroup section */

/* Begin PBXNativeTarget section */
		07CC114A2A0C69E30098A955 /* TrabalhoFinal */ = {
			isa = PBXNativeTarget;
			buildConfigurationList = 07CC11752A0C69E60098A955 /* Build configuration list for PBXNativeTarget "TrabalhoFinal" */;
			buildPhases = (
				07CC11472A0C69E30098A955 /* Sources */,
				07CC11482A0C69E30098A955 /* Frameworks */,
				07CC11492A0C69E30098A955 /* Resources */,
			);
			buildRules = (
			);
			dependencies = (
			);
			name = TrabalhoFinal;
			productName = TrabalhoFinal;
			productReference = 07CC114B2A0C69E30098A955 /* TrabalhoFinal.app */;
			productType = "com.apple.product-type.application";
		};
		07CC11602A0C69E60098A955 /* TrabalhoFinalTests */ = {
			isa = PBXNativeTarget;
			buildConfigurationList = 07CC11782A0C69E60098A955 /* Build configuration list for PBXNativeTarget "TrabalhoFinalTests" */;
			buildPhases = (
				07CC115D2A0C69E60098A955 /* Sources */,
				07CC115E2A0C69E60098A955 /* Frameworks */,
				07CC115F2A0C69E60098A955 /* Resources */,
			);
			buildRules = (
			);
			dependencies = (
				07CC11632A0C69E60098A955 /* PBXTargetDependency */,
			);
			name = TrabalhoFinalTests;
			productName = TrabalhoFinalTests;
			productReference = 07CC11612A0C69E60098A955 /* TrabalhoFinalTests.xctest */;
			productType = "com.apple.product-type.bundle.unit-test";
		};
		07CC116A2A0C69E60098A955 /* TrabalhoFinalUITests */ = {
			isa = PBXNativeTarget;
			buildConfigurationList = 07CC117B2A0C69E60098A955 /* Build configuration list for PBXNativeTarget "TrabalhoFinalUITests" */;
			buildPhases = (
				07CC11672A0C69E60098A955 /* Sources */,
				07CC11682A0C69E60098A955 /* Frameworks */,
				07CC11692A0C69E60098A955 /* Resources */,
			);
			buildRules = (
			);
			dependencies = (
				07CC116D2A0C69E60098A955 /* PBXTargetDependency */,
			);
			name = TrabalhoFinalUITests;
			productName = TrabalhoFinalUITests;
			productReference = 07CC116B2A0C69E60098A955 /* TrabalhoFinalUITests.xctest */;
			productType = "com.apple.product-type.bundle.ui-testing";
		};
/* End PBXNativeTarget section */

/* Begin PBXProject section */
		07CC11432A0C69E30098A955 /* Project object */ = {
			isa = PBXProject;
			attributes = {
				BuildIndependentTargetsInParallel = 1;
				LastSwiftUpdateCheck = 1420;
				LastUpgradeCheck = 1420;
				TargetAttributes = {
					07CC114A2A0C69E30098A955 = {
						CreatedOnToolsVersion = 14.2;
					};
					07CC11602A0C69E60098A955 = {
						CreatedOnToolsVersion = 14.2;
						TestTargetID = 07CC114A2A0C69E30098A955;
					};
					07CC116A2A0C69E60098A955 = {
						CreatedOnToolsVersion = 14.2;
						TestTargetID = 07CC114A2A0C69E30098A955;
					};
				};
			};
			buildConfigurationList = 07CC11462A0C69E30098A955 /* Build configuration list for PBXProject "TrabalhoFinal" */;
			compatibilityVersion = "Xcode 14.0";
			developmentRegion = en;
			hasScannedForEncodings = 0;
			knownRegions = (
				en,
				Base,
			);
			mainGroup = 07CC11422A0C69E30098A955;
			productRefGroup = 07CC114C2A0C69E30098A955 /* Products */;
			projectDirPath = "";
			projectRoot = "";
			targets = (
				07CC114A2A0C69E30098A955 /* TrabalhoFinal */,
				07CC11602A0C69E60098A955 /* TrabalhoFinalTests */,
				07CC116A2A0C69E60098A955 /* TrabalhoFinalUITests */,
			);
		};
/* End PBXProject section */

/* Begin PBXResourcesBuildPhase section */
		07CC11492A0C69E30098A955 /* Resources */ = {
			isa = PBXResourcesBuildPhase;
			buildActionMask = 2147483647;
			files = (
				07CC11812A0C6AC30098A955 /* logo.png in Resources */,
				07CC115B2A0C69E60098A955 /* LaunchScreen.storyboard in Resources */,
				07CC11582A0C69E60098A955 /* Assets.xcassets in Resources */,
				07CC11562A0C69E30098A955 /* Main.storyboard in Resources */,
			);
			runOnlyForDeploymentPostprocessing = 0;
		};
		07CC115F2A0C69E60098A955 /* Resources */ = {
			isa = PBXResourcesBuildPhase;
			buildActionMask = 2147483647;
			files = (
			);
			runOnlyForDeploymentPostprocessing = 0;
		};
		07CC11692A0C69E60098A955 /* Resources */ = {
			isa = PBXResourcesBuildPhase;
			buildActionMask = 2147483647;
			files = (
			);
			runOnlyForDeploymentPostprocessing = 0;
		};
/* End PBXResourcesBuildPhase section */

/* Begin PBXSourcesBuildPhase section */
		07CC11472A0C69E30098A955 /* Sources */ = {
			isa = PBXSourcesBuildPhase;
			buildActionMask = 2147483647;
			files = (
				07CC11532A0C69E30098A955 /* ViewController.swift in Sources */,
				07CC114F2A0C69E30098A955 /* AppDelegate.swift in Sources */,
				07CC11512A0C69E30098A955 /* SceneDelegate.swift in Sources */,
				07CC11872A0C7BB90098A955 /* NavigationViewController.swift in Sources */,
				07CC11832A0C6D2E0098A955 /* TableViewController.swift in Sources */,
			);
			runOnlyForDeploymentPostprocessing = 0;
		};
		07CC115D2A0C69E60098A955 /* Sources */ = {
			isa = PBXSourcesBuildPhase;
			buildActionMask = 2147483647;
			files = (
				07CC11662A0C69E60098A955 /* TrabalhoFinalTests.swift in Sources */,
			);
			runOnlyForDeploymentPostprocessing = 0;
		};
		07CC11672A0C69E60098A955 /* Sources */ = {
			isa = PBXSourcesBuildPhase;
			buildActionMask = 2147483647;
			files = (
				07CC11722A0C69E60098A955 /* TrabalhoFinalUITestsLaunchTests.swift in Sources */,
				07CC11702A0C69E60098A955 /* TrabalhoFinalUITests.swift in Sources */,
			);
			runOnlyForDeploymentPostprocessing = 0;
		};
/* End PBXSourcesBuildPhase section */

/* Begin PBXTargetDependency section */
		07CC11632A0C69E60098A955 /* PBXTargetDependency */ = {
			isa = PBXTargetDependency;
			target = 07CC114A2A0C69E30098A955 /* TrabalhoFinal */;
			targetProxy = 07CC11622A0C69E60098A955 /* PBXContainerItemProxy */;
		};
		07CC116D2A0C69E60098A955 /* PBXTargetDependency */ = {
			isa = PBXTargetDependency;
			target = 07CC114A2A0C69E30098A955 /* TrabalhoFinal */;
			targetProxy = 07CC116C2A0C69E60098A955 /* PBXContainerItemProxy */;
		};
/* End PBXTargetDependency section */

/* Begin PBXVariantGroup section */
		07CC11542A0C69E30098A955 /* Main.storyboard */ = {
			isa = PBXVariantGroup;
			children = (
				07CC11552A0C69E30098A955 /* Base */,
			);
			name = Main.storyboard;
			sourceTree = "<group>";
		};
		07CC11592A0C69E60098A955 /* LaunchScreen.storyboard */ = {
			isa = PBXVariantGroup;
			children = (
				07CC115A2A0C69E60098A955 /* Base */,
			);
			name = LaunchScreen.storyboard;
			sourceTree = "<group>";
		};
/* End PBXVariantGroup section */

/* Begin XCBuildConfiguration section */
		07CC11732A0C69E60098A955 /* Debug */ = {
			isa = XCBuildConfiguration;
			buildSettings = {
				ALWAYS_SEARCH_USER_PATHS = NO;
				CLANG_ANALYZER_NONNULL = YES;
				CLANG_ANALYZER_NUMBER_OBJECT_CONVERSION = YES_AGGRESSIVE;
				CLANG_CXX_LANGUAGE_STANDARD = "gnu++20";
				CLANG_ENABLE_MODULES = YES;
				CLANG_ENABLE_OBJC_ARC = YES;
				CLANG_ENABLE_OBJC_WEAK = YES;
				CLANG_WARN_BLOCK_CAPTURE_AUTORELEASING = YES;
				CLANG_WARN_BOOL_CONVERSION = YES;
				CLANG_WARN_COMMA = YES;
				CLANG_WARN_CONSTANT_CONVERSION = YES;
				CLANG_WARN_DEPRECATED_OBJC_IMPLEMENTATIONS = YES;
				CLANG_WARN_DIRECT_OBJC_ISA_USAGE = YES_ERROR;
				CLANG_WARN_DOCUMENTATION_COMMENTS = YES;
				CLANG_WARN_EMPTY_BODY = YES;
				CLANG_WARN_ENUM_CONVERSION = YES;
				CLANG_WARN_INFINITE_RECURSION = YES;
				CLANG_WARN_INT_CONVERSION = YES;
				CLANG_WARN_NON_LITERAL_NULL_CONVERSION = YES;
				CLANG_WARN_OBJC_IMPLICIT_RETAIN_SELF = YES;
				CLANG_WARN_OBJC_LITERAL_CONVERSION = YES;
				CLANG_WARN_OBJC_ROOT_CLASS = YES_ERROR;
				CLANG_WARN_QUOTED_INCLUDE_IN_FRAMEWORK_HEADER = YES;
				CLANG_WARN_RANGE_LOOP_ANALYSIS = YES;
				CLANG_WARN_STRICT_PROTOTYPES = YES;
				CLANG_WARN_SUSPICIOUS_MOVE = YES;
				CLANG_WARN_UNGUARDED_AVAILABILITY = YES_AGGRESSIVE;
				CLANG_WARN_UNREACHABLE_CODE = YES;
				CLANG_WARN__DUPLICATE_METHOD_MATCH = YES;
				COPY_PHASE_STRIP = NO;
				DEBUG_INFORMATION_FORMAT = dwarf;
				ENABLE_STRICT_OBJC_MSGSEND = YES;
				ENABLE_TESTABILITY = YES;
				GCC_C_LANGUAGE_STANDARD = gnu11;
				GCC_DYNAMIC_NO_PIC = NO;
				GCC_NO_COMMON_BLOCKS = YES;
				GCC_OPTIMIZATION_LEVEL = 0;
				GCC_PREPROCESSOR_DEFINITIONS = (
					"DEBUG=1",
					"$(inherited)",
				);
				GCC_WARN_64_TO_32_BIT_CONVERSION = YES;
				GCC_WARN_ABOUT_RETURN_TYPE = YES_ERROR;
				GCC_WARN_UNDECLARED_SELECTOR = YES;
				GCC_WARN_UNINITIALIZED_AUTOS = YES_AGGRESSIVE;
				GCC_WARN_UNUSED_FUNCTION = YES;
				GCC_WARN_UNUSED_VARIABLE = YES;
				IPHONEOS_DEPLOYMENT_TARGET = 16.2;
				MTL_ENABLE_DEBUG_INFO = INCLUDE_SOURCE;
				MTL_FAST_MATH = YES;
				ONLY_ACTIVE_ARCH = YES;
				SDKROOT = iphoneos;
				SWIFT_ACTIVE_COMPILATION_CONDITIONS = DEBUG;
				SWIFT_OPTIMIZATION_LEVEL = "-Onone";
			};
			name = Debug;
		};
		07CC11742A0C69E60098A955 /* Release */ = {
			isa = XCBuildConfiguration;
			buildSettings = {
				ALWAYS_SEARCH_USER_PATHS = NO;
				CLANG_ANALYZER_NONNULL = YES;
				CLANG_ANALYZER_NUMBER_OBJECT_CONVERSION = YES_AGGRESSIVE;
				CLANG_CXX_LANGUAGE_STANDARD = "gnu++20";
				CLANG_ENABLE_MODULES = YES;
				CLANG_ENABLE_OBJC_ARC = YES;
				CLANG_ENABLE_OBJC_WEAK = YES;
				CLANG_WARN_BLOCK_CAPTURE_AUTORELEASING = YES;
				CLANG_WARN_BOOL_CONVERSION = YES;
				CLANG_WARN_COMMA = YES;
				CLANG_WARN_CONSTANT_CONVERSION = YES;
				CLANG_WARN_DEPRECATED_OBJC_IMPLEMENTATIONS = YES;
				CLANG_WARN_DIRECT_OBJC_ISA_USAGE = YES_ERROR;
				CLANG_WARN_DOCUMENTATION_COMMENTS = YES;
				CLANG_WARN_EMPTY_BODY = YES;
				CLANG_WARN_ENUM_CONVERSION = YES;
				CLANG_WARN_INFINITE_RECURSION = YES;
				CLANG_WARN_INT_CONVERSION = YES;
				CLANG_WARN_NON_LITERAL_NULL_CONVERSION = YES;
				CLANG_WARN_OBJC_IMPLICIT_RETAIN_SELF = YES;
				CLANG_WARN_OBJC_LITERAL_CONVERSION = YES;
				CLANG_WARN_OBJC_ROOT_CLASS = YES_ERROR;
				CLANG_WARN_QUOTED_INCLUDE_IN_FRAMEWORK_HEADER = YES;
				CLANG_WARN_RANGE_LOOP_ANALYSIS = YES;
				CLANG_WARN_STRICT_PROTOTYPES = YES;
				CLANG_WARN_SUSPICIOUS_MOVE = YES;
				CLANG_WARN_UNGUARDED_AVAILABILITY = YES_AGGRESSIVE;
				CLANG_WARN_UNREACHABLE_CODE = YES;
				CLANG_WARN__DUPLICATE_METHOD_MATCH = YES;
				COPY_PHASE_STRIP = NO;
				DEBUG_INFORMATION_FORMAT = "dwarf-with-dsym";
				ENABLE_NS_ASSERTIONS = NO;
				ENABLE_STRICT_OBJC_MSGSEND = YES;
				GCC_C_LANGUAGE_STANDARD = gnu11;
				GCC_NO_COMMON_BLOCKS = YES;
				GCC_WARN_64_TO_32_BIT_CONVERSION = YES;
				GCC_WARN_ABOUT_RETURN_TYPE = YES_ERROR;
				GCC_WARN_UNDECLARED_SELECTOR = YES;
				GCC_WARN_UNINITIALIZED_AUTOS = YES_AGGRESSIVE;
				GCC_WARN_UNUSED_FUNCTION = YES;
				GCC_WARN_UNUSED_VARIABLE = YES;
				IPHONEOS_DEPLOYMENT_TARGET = 16.2;
				MTL_ENABLE_DEBUG_INFO = NO;
				MTL_FAST_MATH = YES;
				SDKROOT = iphoneos;
				SWIFT_COMPILATION_MODE = wholemodule;
				SWIFT_OPTIMIZATION_LEVEL = "-O";
				VALIDATE_PRODUCT = YES;
			};
			name = Release;
		};
		07CC11762A0C69E60098A955 /* Debug */ = {
			isa = XCBuildConfiguration;
			buildSettings = {
				ASSETCATALOG_COMPILER_APPICON_NAME = AppIcon;
				ASSETCATALOG_COMPILER_GLOBAL_ACCENT_COLOR_NAME = AccentColor;
				CODE_SIGN_STYLE = Automatic;
				CURRENT_PROJECT_VERSION = 1;
				DEVELOPMENT_TEAM = UF36M7UU77;
				GENERATE_INFOPLIST_FILE = YES;
				INFOPLIST_FILE = TrabalhoFinal/Info.plist;
				INFOPLIST_KEY_UIApplicationSupportsIndirectInputEvents = YES;
				INFOPLIST_KEY_UILaunchStoryboardName = LaunchScreen;
				INFOPLIST_KEY_UIMainStoryboardFile = Main;
				INFOPLIST_KEY_UISupportedInterfaceOrientations_iPad = "UIInterfaceOrientationPortrait UIInterfaceOrientationPortraitUpsideDown UIInterfaceOrientationLandscapeLeft UIInterfaceOrientationLandscapeRight";
				INFOPLIST_KEY_UISupportedInterfaceOrientations_iPhone = "UIInterfaceOrientationPortrait UIInterfaceOrientationLandscapeLeft UIInterfaceOrientationLandscapeRight";
				LD_RUNPATH_SEARCH_PATHS = (
					"$(inherited)",
					"@executable_path/Frameworks",
				);
				MARKETING_VERSION = 1.0;
				PRODUCT_BUNDLE_IDENTIFIER = Lucas.TrabalhoFinal;
				PRODUCT_NAME = "$(TARGET_NAME)";
				SWIFT_EMIT_LOC_STRINGS = YES;
				SWIFT_VERSION = 5.0;
				TARGETED_DEVICE_FAMILY = "1,2";
			};
			name = Debug;
		};
		07CC11772A0C69E60098A955 /* Release */ = {
			isa = XCBuildConfiguration;
			buildSettings = {
				ASSETCATALOG_COMPILER_APPICON_NAME = AppIcon;
				ASSETCATALOG_COMPILER_GLOBAL_ACCENT_COLOR_NAME = AccentColor;
				CODE_SIGN_STYLE = Automatic;
				CURRENT_PROJECT_VERSION = 1;
				DEVELOPMENT_TEAM = UF36M7UU77;
				GENERATE_INFOPLIST_FILE = YES;
				INFOPLIST_FILE = TrabalhoFinal/Info.plist;
				INFOPLIST_KEY_UIApplicationSupportsIndirectInputEvents = YES;
				INFOPLIST_KEY_UILaunchStoryboardName = LaunchScreen;
				INFOPLIST_KEY_UIMainStoryboardFile = Main;
				INFOPLIST_KEY_UISupportedInterfaceOrientations_iPad = "UIInterfaceOrientationPortrait UIInterfaceOrientationPortraitUpsideDown UIInterfaceOrientationLandscapeLeft UIInterfaceOrientationLandscapeRight";
				INFOPLIST_KEY_UISupportedInterfaceOrientations_iPhone = "UIInterfaceOrientationPortrait UIInterfaceOrientationLandscapeLeft UIInterfaceOrientationLandscapeRight";
				LD_RUNPATH_SEARCH_PATHS = (
					"$(inherited)",
					"@executable_path/Frameworks",
				);
				MARKETING_VERSION = 1.0;
				PRODUCT_BUNDLE_IDENTIFIER = Lucas.TrabalhoFinal;
				PRODUCT_NAME = "$(TARGET_NAME)";
				SWIFT_EMIT_LOC_STRINGS = YES;
				SWIFT_VERSION = 5.0;
				TARGETED_DEVICE_FAMILY = "1,2";
			};
			name = Release;
		};
		07CC11792A0C69E60098A955 /* Debug */ = {
			isa = XCBuildConfiguration;
			buildSettings = {
				ALWAYS_EMBED_SWIFT_STANDARD_LIBRARIES = YES;
				BUNDLE_LOADER = "$(TEST_HOST)";
				CODE_SIGN_STYLE = Automatic;
				CURRENT_PROJECT_VERSION = 1;
				DEVELOPMENT_TEAM = UF36M7UU77;
				GENERATE_INFOPLIST_FILE = YES;
				IPHONEOS_DEPLOYMENT_TARGET = 16.2;
				MARKETING_VERSION = 1.0;
				PRODUCT_BUNDLE_IDENTIFIER = Lucas.TrabalhoFinalTests;
				PRODUCT_NAME = "$(TARGET_NAME)";
				SWIFT_EMIT_LOC_STRINGS = NO;
				SWIFT_VERSION = 5.0;
				TARGETED_DEVICE_FAMILY = "1,2";
				TEST_HOST = "$(BUILT_PRODUCTS_DIR)/TrabalhoFinal.app/$(BUNDLE_EXECUTABLE_FOLDER_PATH)/TrabalhoFinal";
			};
			name = Debug;
		};
		07CC117A2A0C69E60098A955 /* Release */ = {
			isa = XCBuildConfiguration;
			buildSettings = {
				ALWAYS_EMBED_SWIFT_STANDARD_LIBRARIES = YES;
				BUNDLE_LOADER = "$(TEST_HOST)";
				CODE_SIGN_STYLE = Automatic;
				CURRENT_PROJECT_VERSION = 1;
				DEVELOPMENT_TEAM = UF36M7UU77;
				GENERATE_INFOPLIST_FILE = YES;
				IPHONEOS_DEPLOYMENT_TARGET = 16.2;
				MARKETING_VERSION = 1.0;
				PRODUCT_BUNDLE_IDENTIFIER = Lucas.TrabalhoFinalTests;
				PRODUCT_NAME = "$(TARGET_NAME)";
				SWIFT_EMIT_LOC_STRINGS = NO;
				SWIFT_VERSION = 5.0;
				TARGETED_DEVICE_FAMILY = "1,2";
				TEST_HOST = "$(BUILT_PRODUCTS_DIR)/TrabalhoFinal.app/$(BUNDLE_EXECUTABLE_FOLDER_PATH)/TrabalhoFinal";
			};
			name = Release;
		};
		07CC117C2A0C69E60098A955 /* Debug */ = {
			isa = XCBuildConfiguration;
			buildSettings = {
				ALWAYS_EMBED_SWIFT_STANDARD_LIBRARIES = YES;
				CODE_SIGN_STYLE = Automatic;
				CURRENT_PROJECT_VERSION = 1;
				DEVELOPMENT_TEAM = UF36M7UU77;
				GENERATE_INFOPLIST_FILE = YES;
				MARKETING_VERSION = 1.0;
				PRODUCT_BUNDLE_IDENTIFIER = Lucas.TrabalhoFinalUITests;
				PRODUCT_NAME = "$(TARGET_NAME)";
				SWIFT_EMIT_LOC_STRINGS = NO;
				SWIFT_VERSION = 5.0;
				TARGETED_DEVICE_FAMILY = "1,2";
				TEST_TARGET_NAME = TrabalhoFinal;
			};
			name = Debug;
		};
		07CC117D2A0C69E60098A955 /* Release */ = {
			isa = XCBuildConfiguration;
			buildSettings = {
				ALWAYS_EMBED_SWIFT_STANDARD_LIBRARIES = YES;
				CODE_SIGN_STYLE = Automatic;
				CURRENT_PROJECT_VERSION = 1;
				DEVELOPMENT_TEAM = UF36M7UU77;
				GENERATE_INFOPLIST_FILE = YES;
				MARKETING_VERSION = 1.0;
				PRODUCT_BUNDLE_IDENTIFIER = Lucas.TrabalhoFinalUITests;
				PRODUCT_NAME = "$(TARGET_NAME)";
				SWIFT_EMIT_LOC_STRINGS = NO;
				SWIFT_VERSION = 5.0;
				TARGETED_DEVICE_FAMILY = "1,2";
				TEST_TARGET_NAME = TrabalhoFinal;
			};
			name = Release;
		};
/* End XCBuildConfiguration section */

/* Begin XCConfigurationList section */
		07CC11462A0C69E30098A955 /* Build configuration list for PBXProject "TrabalhoFinal" */ = {
			isa = XCConfigurationList;
			buildConfigurations = (
				07CC11732A0C69E60098A955 /* Debug */,
				07CC11742A0C69E60098A955 /* Release */,
			);
			defaultConfigurationIsVisible = 0;
			defaultConfigurationName = Release;
		};
		07CC11752A0C69E60098A955 /* Build configuration list for PBXNativeTarget "TrabalhoFinal" */ = {
			isa = XCConfigurationList;
			buildConfigurations = (
				07CC11762A0C69E60098A955 /* Debug */,
				07CC11772A0C69E60098A955 /* Release */,
			);
			defaultConfigurationIsVisible = 0;
			defaultConfigurationName = Release;
		};
		07CC11782A0C69E60098A955 /* Build configuration list for PBXNativeTarget "TrabalhoFinalTests" */ = {
			isa = XCConfigurationList;
			buildConfigurations = (
				07CC11792A0C69E60098A955 /* Debug */,
				07CC117A2A0C69E60098A955 /* Release */,
			);
			defaultConfigurationIsVisible = 0;
			defaultConfigurationName = Release;
		};
		07CC117B2A0C69E60098A955 /* Build configuration list for PBXNativeTarget "TrabalhoFinalUITests" */ = {
			isa = XCConfigurationList;
			buildConfigurations = (
				07CC117C2A0C69E60098A955 /* Debug */,
				07CC117D2A0C69E60098A955 /* Release */,
			);
			defaultConfigurationIsVisible = 0;
			defaultConfigurationName = Release;
		};
/* End XCConfigurationList section */
	};
	rootObject = 07CC11432A0C69E30098A955 /* Project object */;
}
